
Microsoft Visual Studio Solution File, Format Version 12.00
# Visual Studio Version 16
VisualStudioVersion = 16.0.31025.194
MinimumVisualStudioVersion = 10.0.40219.1
Project("{2150E333-8FDC-42A3-9474-1A3956D46DE8}") = "Common", "Common", "{1C106E9D-B85F-4F3C-AEBF-08FEFEC31B5E}"
EndProject
Project("{2150E333-8FDC-42A3-9474-1A3956D46DE8}") = "Services", "Services", "{F392E52C-7700-4F0F-8565-7D29000ACAE6}"
EndProject
Project("{2150E333-8FDC-42A3-9474-1A3956D46DE8}") = "UI", "UI", "{3390E554-57B1-4C90-A7B9-F69524C48D7A}"
EndProject
Project("{2150E333-8FDC-42A3-9474-1A3956D46DE8}") = "Data", "Data", "{777957B9-EC6C-476E-A228-289EF11A128B}"
EndProject
Project("{9A19103F-16F7-4668-BE54-9A1E7A4F7556}") = "ASPNetCoreApp.Domain", "Common\ASPNetCoreApp.Domain\ASPNetCoreApp.Domain.csproj", "{A2D7D5EA-DD7D-46BC-A4F6-A2C6A42682B8}"
EndProject
Project("{9A19103F-16F7-4668-BE54-9A1E7A4F7556}") = "ASPNetCoreApp.DAL", "Data\ASPNetCoreApp.DAL\ASPNetCoreApp.DAL.csproj", "{DC34E061-F758-485A-9D6B-01F1E69E00D9}"
EndProject
Project("{9A19103F-16F7-4668-BE54-9A1E7A4F7556}") = "ASPNetCoreApp", "UI\ASPNetCoreApp\ASPNetCoreApp.csproj", "{E60F9EBE-BB28-44B3-B58D-C022808AE4E6}"
EndProject
Project("{9A19103F-16F7-4668-BE54-9A1E7A4F7556}") = "ASPNetCoreApp.Services", "ASPNetCoreApp.Services\ASPNetCoreApp.Services.csproj", "{BC3A6B18-99B9-4740-BD32-5DC7B2C5AEA0}"
EndProject
Project("{FAE04EC0-301F-11D3-BF4B-00C04F79EFBC}") = "ASPNetCoreApp.Interfaces", "Services\ASPNetCoreApp.Interfaces\ASPNetCoreApp.Interfaces.csproj", "{DF970E9F-1731-42FE-90EC-7D0A7D835C84}"
EndProject
Global
	GlobalSection(SolutionConfigurationPlatforms) = preSolution
		Debug|Any CPU = Debug|Any CPU
		Release|Any CPU = Release|Any CPU
	EndGlobalSection
	GlobalSection(ProjectConfigurationPlatforms) = postSolution
		{A2D7D5EA-DD7D-46BC-A4F6-A2C6A42682B8}.Debug|Any CPU.ActiveCfg = Debug|Any CPU
		{A2D7D5EA-DD7D-46BC-A4F6-A2C6A42682B8}.Debug|Any CPU.Build.0 = Debug|Any CPU
		{A2D7D5EA-DD7D-46BC-A4F6-A2C6A42682B8}.Release|Any CPU.ActiveCfg = Release|Any CPU
		{A2D7D5EA-DD7D-46BC-A4F6-A2C6A42682B8}.Release|Any CPU.Build.0 = Release|Any CPU
		{DC34E061-F758-485A-9D6B-01F1E69E00D9}.Debug|Any CPU.ActiveCfg = Debug|Any CPU
		{DC34E061-F758-485A-9D6B-01F1E69E00D9}.Debug|Any CPU.Build.0 = Debug|Any CPU
		{DC34E061-F758-485A-9D6B-01F1E69E00D9}.Release|Any CPU.ActiveCfg = Release|Any CPU
		{DC34E061-F758-485A-9D6B-01F1E69E00D9}.Release|Any CPU.Build.0 = Release|Any CPU
		{E60F9EBE-BB28-44B3-B58D-C022808AE4E6}.Debug|Any CPU.ActiveCfg = Debug|Any CPU
		{E60F9EBE-BB28-44B3-B58D-C022808AE4E6}.Debug|Any CPU.Build.0 = Debug|Any CPU
		{E60F9EBE-BB28-44B3-B58D-C022808AE4E6}.Release|Any CPU.ActiveCfg = Release|Any CPU
		{E60F9EBE-BB28-44B3-B58D-C022808AE4E6}.Release|Any CPU.Build.0 = Release|Any CPU
		{BC3A6B18-99B9-4740-BD32-5DC7B2C5AEA0}.Debug|Any CPU.ActiveCfg = Debug|Any CPU
		{BC3A6B18-99B9-4740-BD32-5DC7B2C5AEA0}.Debug|Any CPU.Build.0 = Debug|Any CPU
		{BC3A6B18-99B9-4740-BD32-5DC7B2C5AEA0}.Release|Any CPU.ActiveCfg = Release|Any CPU
		{BC3A6B18-99B9-4740-BD32-5DC7B2C5AEA0}.Release|Any CPU.Build.0 = Release|Any CPU
		{DF970E9F-1731-42FE-90EC-7D0A7D835C84}.Debug|Any CPU.ActiveCfg = Debug|Any CPU
		{DF970E9F-1731-42FE-90EC-7D0A7D835C84}.Debug|Any CPU.Build.0 = Debug|Any CPU
		{DF970E9F-1731-42FE-90EC-7D0A7D835C84}.Release|Any CPU.ActiveCfg = Release|Any CPU
		{DF970E9F-1731-42FE-90EC-7D0A7D835C84}.Release|Any CPU.Build.0 = Release|Any CPU
	EndGlobalSection
	GlobalSection(SolutionProperties) = preSolution
		HideSolutionNode = FALSE
	EndGlobalSection
	GlobalSection(NestedProjects) = preSolution
		{A2D7D5EA-DD7D-46BC-A4F6-A2C6A42682B8} = {1C106E9D-B85F-4F3C-AEBF-08FEFEC31B5E}
		{DC34E061-F758-485A-9D6B-01F1E69E00D9} = {777957B9-EC6C-476E-A228-289EF11A128B}
		{E60F9EBE-BB28-44B3-B58D-C022808AE4E6} = {3390E554-57B1-4C90-A7B9-F69524C48D7A}
		{BC3A6B18-99B9-4740-BD32-5DC7B2C5AEA0} = {F392E52C-7700-4F0F-8565-7D29000ACAE6}
		{DF970E9F-1731-42FE-90EC-7D0A7D835C84} = {F392E52C-7700-4F0F-8565-7D29000ACAE6}
	EndGlobalSection
	GlobalSection(ExtensibilityGlobals) = postSolution
		SolutionGuid = {490FE150-29E4-4810-8E88-036D3D68C2EC}
	EndGlobalSection
EndGlobal
